// !$*UTF8*$!
{
	archiveVersion = 1;
	classes = {
	};
	objectVersion = 55;
	objects = {

/* Begin PBXBuildFile section */
		5E2F155F2704BBF60066D660 /* AppDelegate.swift in Sources */ = {isa = PBXBuildFile; fileRef = 5E2F155E2704BBF60066D660 /* AppDelegate.swift */; };
		5E2F15612704BBF60066D660 /* SceneDelegate.swift in Sources */ = {isa = PBXBuildFile; fileRef = 5E2F15602704BBF60066D660 /* SceneDelegate.swift */; };
		5E2F15632704BBF60066D660 /* QuestionViewController.swift in Sources */ = {isa = PBXBuildFile; fileRef = 5E2F15622704BBF60066D660 /* QuestionViewController.swift */; };
		5E2F15662704BBF60066D660 /* Main.storyboard in Resources */ = {isa = PBXBuildFile; fileRef = 5E2F15642704BBF60066D660 /* Main.storyboard */; };
		5E2F156B2704BBF70066D660 /* LaunchScreen.storyboard in Resources */ = {isa = PBXBuildFile; fileRef = 5E2F15692704BBF70066D660 /* LaunchScreen.storyboard */; };
		5E2F15792704D27B0066D660 /* Question.swift in Sources */ = {isa = PBXBuildFile; fileRef = 5E2F15782704D27B0066D660 /* Question.swift */; };
		5E2F157B2704D36F0066D660 /* QuestionGroup.swift in Sources */ = {isa = PBXBuildFile; fileRef = 5E2F157A2704D36F0066D660 /* QuestionGroup.swift */; };
		5E2F157D2704D4770066D660 /* QuestionGroupData.swift in Sources */ = {isa = PBXBuildFile; fileRef = 5E2F157C2704D4770066D660 /* QuestionGroupData.swift */; };
/* End PBXBuildFile section */

/* Begin PBXFileReference section */
		5E2F155B2704BBF60066D660 /* RabbleWabble.app */ = {isa = PBXFileReference; explicitFileType = wrapper.application; includeInIndex = 0; path = RabbleWabble.app; sourceTree = BUILT_PRODUCTS_DIR; };
		5E2F155E2704BBF60066D660 /* AppDelegate.swift */ = {isa = PBXFileReference; lastKnownFileType = sourcecode.swift; path = AppDelegate.swift; sourceTree = "<group>"; };
		5E2F15602704BBF60066D660 /* SceneDelegate.swift */ = {isa = PBXFileReference; lastKnownFileType = sourcecode.swift; path = SceneDelegate.swift; sourceTree = "<group>"; };
		5E2F15622704BBF60066D660 /* QuestionViewController.swift */ = {isa = PBXFileReference; lastKnownFileType = sourcecode.swift; path = QuestionViewController.swift; sourceTree = "<group>"; };
		5E2F15652704BBF60066D660 /* Base */ = {isa = PBXFileReference; lastKnownFileType = file.storyboard; name = Base; path = Base.lproj/Main.storyboard; sourceTree = "<group>"; };
		5E2F156A2704BBF70066D660 /* Base */ = {isa = PBXFileReference; lastKnownFileType = file.storyboard; name = Base; path = Base.lproj/LaunchScreen.storyboard; sourceTree = "<group>"; };
		5E2F156C2704BBF70066D660 /* Info.plist */ = {isa = PBXFileReference; lastKnownFileType = text.plist.xml; path = Info.plist; sourceTree = "<group>"; };
		5E2F15782704D27B0066D660 /* Question.swift */ = {isa = PBXFileReference; lastKnownFileType = sourcecode.swift; path = Question.swift; sourceTree = "<group>"; };
		5E2F157A2704D36F0066D660 /* QuestionGroup.swift */ = {isa = PBXFileReference; lastKnownFileType = sourcecode.swift; path = QuestionGroup.swift; sourceTree = "<group>"; };
		5E2F157C2704D4770066D660 /* QuestionGroupData.swift */ = {isa = PBXFileReference; fileEncoding = 4; lastKnownFileType = sourcecode.swift; name = QuestionGroupData.swift; path = ../../../projects/resources/QuestionGroupData.swift; sourceTree = "<group>"; };
/* End PBXFileReference section */

/* Begin PBXFrameworksBuildPhase section */
		5E2F15582704BBF60066D660 /* Frameworks */ = {
			isa = PBXFrameworksBuildPhase;
			buildActionMask = 2147483647;
			files = (
			);
			runOnlyForDeploymentPostprocessing = 0;
		};
/* End PBXFrameworksBuildPhase section */

/* Begin PBXGroup section */
		5E2F15522704BBF60066D660 = {
			isa = PBXGroup;
			children = (
				5E2F155D2704BBF60066D660 /* RabbleWabble */,
				5E2F155C2704BBF60066D660 /* Products */,
			);
			sourceTree = "<group>";
		};
		5E2F155C2704BBF60066D660 /* Products */ = {
			isa = PBXGroup;
			children = (
				5E2F155B2704BBF60066D660 /* RabbleWabble.app */,
			);
			name = Products;
			sourceTree = "<group>";
		};
		5E2F155D2704BBF60066D660 /* RabbleWabble */ = {
			isa = PBXGroup;
			children = (
				5E2F15732704CD600066D660 /* AppDelegate */,
				5E2F15742704CE990066D660 /* Controllers */,
				5E2F15752704CECA0066D660 /* Models */,
				5E2F15762704CED20066D660 /* Resources */,
				5E2F15772704CEDB0066D660 /* Views */,
			);
			path = RabbleWabble;
			sourceTree = "<group>";
		};
		5E2F15732704CD600066D660 /* AppDelegate */ = {
			isa = PBXGroup;
			children = (
				5E2F155E2704BBF60066D660 /* AppDelegate.swift */,
				5E2F15602704BBF60066D660 /* SceneDelegate.swift */,
			);
			path = AppDelegate;
			sourceTree = "<group>";
		};
		5E2F15742704CE990066D660 /* Controllers */ = {
			isa = PBXGroup;
			children = (
				5E2F15622704BBF60066D660 /* QuestionViewController.swift */,
			);
			path = Controllers;
			sourceTree = "<group>";
		};
		5E2F15752704CECA0066D660 /* Models */ = {
			isa = PBXGroup;
			children = (
				5E2F15782704D27B0066D660 /* Question.swift */,
				5E2F157A2704D36F0066D660 /* QuestionGroup.swift */,
				5E2F157C2704D4770066D660 /* QuestionGroupData.swift */,
			);
			path = Models;
			sourceTree = "<group>";
		};
		5E2F15762704CED20066D660 /* Resources */ = {
			isa = PBXGroup;
			children = (
				5E2F156C2704BBF70066D660 /* Info.plist */,
			);
			path = Resources;
			sourceTree = "<group>";
		};
		5E2F15772704CEDB0066D660 /* Views */ = {
			isa = PBXGroup;
			children = (
				5E2F15642704BBF60066D660 /* Main.storyboard */,
				5E2F15692704BBF70066D660 /* LaunchScreen.storyboard */,
			);
			path = Views;
			sourceTree = "<group>";
		};
/* End PBXGroup section */

/* Begin PBXNativeTarget section */
		5E2F155A2704BBF60066D660 /* RabbleWabble */ = {
			isa = PBXNativeTarget;
			buildConfigurationList = 5E2F156F2704BBF70066D660 /* Build configuration list for PBXNativeTarget "RabbleWabble" */;
			buildPhases = (
				5E2F15572704BBF60066D660 /* Sources */,
				5E2F15582704BBF60066D660 /* Frameworks */,
				5E2F15592704BBF60066D660 /* Resources */,
			);
			buildRules = (
			);
			dependencies = (
			);
			name = RabbleWabble;
			productName = RabbleWabble;
			productReference = 5E2F155B2704BBF60066D660 /* RabbleWabble.app */;
			productType = "com.apple.product-type.application";
		};
/* End PBXNativeTarget section */

/* Begin PBXProject section */
		5E2F15532704BBF60066D660 /* Project object */ = {
			isa = PBXProject;
			attributes = {
				BuildIndependentTargetsInParallel = 1;
				LastSwiftUpdateCheck = 1300;
				LastUpgradeCheck = 1300;
				TargetAttributes = {
					5E2F155A2704BBF60066D660 = {
						CreatedOnToolsVersion = 13.0;
					};
				};
			};
			buildConfigurationList = 5E2F15562704BBF60066D660 /* Build configuration list for PBXProject "RabbleWabble" */;
			compatibilityVersion = "Xcode 13.0";
			developmentRegion = en;
			hasScannedForEncodings = 0;
			knownRegions = (
				en,
				Base,
			);
			mainGroup = 5E2F15522704BBF60066D660;
			productRefGroup = 5E2F155C2704BBF60066D660 /* Products */;
			projectDirPath = "";
			projectRoot = "";
			targets = (
				5E2F155A2704BBF60066D660 /* RabbleWabble */,
			);
		};
/* End PBXProject section */

/* Begin PBXResourcesBuildPhase section */
		5E2F15592704BBF60066D660 /* Resources */ = {
			isa = PBXResourcesBuildPhase;
			buildActionMask = 2147483647;
			files = (
				5E2F156B2704BBF70066D660 /* LaunchScreen.storyboard in Resources */,
				5E2F15662704BBF60066D660 /* Main.storyboard in Resources */,
			);
			runOnlyForDeploymentPostprocessing = 0;
		};
/* End PBXResourcesBuildPhase section */

/* Begin PBXSourcesBuildPhase section */
		5E2F15572704BBF60066D660 /* Sources */ = {
			isa = PBXSourcesBuildPhase;
			buildActionMask = 2147483647;
			files = (
				5E2F15632704BBF60066D660 /* QuestionViewController.swift in Sources */,
				5E2F15792704D27B0066D660 /* Question.swift in Sources */,
				5E2F155F2704BBF60066D660 /* AppDelegate.swift in Sources */,
				5E2F157D2704D4770066D660 /* QuestionGroupData.swift in Sources */,
				5E2F157B2704D36F0066D660 /* QuestionGroup.swift in Sources */,
				5E2F15612704BBF60066D660 /* SceneDelegate.swift in Sources */,
			);
			runOnlyForDeploymentPostprocessing = 0;
		};
/* End PBXSourcesBuildPhase section */

/* Begin PBXVariantGroup section */
		5E2F15642704BBF60066D660 /* Main.storyboard */ = {
			isa = PBXVariantGroup;
			children = (
				5E2F15652704BBF60066D660 /* Base */,
			);
			name = Main.storyboard;
			sourceTree = "<group>";
		};
		5E2F15692704BBF70066D660 /* LaunchScreen.storyboard */ = {
			isa = PBXVariantGroup;
			children = (
				5E2F156A2704BBF70066D660 /* Base */,
			);
			name = LaunchScreen.storyboard;
			sourceTree = "<group>";
		};
/* End PBXVariantGroup section */

/* Begin XCBuildConfiguration section */
		5E2F156D2704BBF70066D660 /* Debug */ = {
			isa = XCBuildConfiguration;
			buildSettings = {
				ALWAYS_SEARCH_USER_PATHS = NO;
				CLANG_ANALYZER_NONNULL = YES;
				CLANG_ANALYZER_NUMBER_OBJECT_CONVERSION = YES_AGGRESSIVE;
				CLANG_CXX_LANGUAGE_STANDARD = "gnu++17";
				CLANG_CXX_LIBRARY = "libc++";
				CLANG_ENABLE_MODULES = YES;
				CLANG_ENABLE_OBJC_ARC = YES;
				CLANG_ENABLE_OBJC_WEAK = YES;
				CLANG_WARN_BLOCK_CAPTURE_AUTORELEASING = YES;
				CLANG_WARN_BOOL_CONVERSION = YES;
				CLANG_WARN_COMMA = YES;
				CLANG_WARN_CONSTANT_CONVERSION = YES;
				CLANG_WARN_DEPRECATED_OBJC_IMPLEMENTATIONS = YES;
				CLANG_WARN_DIRECT_OBJC_ISA_USAGE = YES_ERROR;
				CLANG_WARN_DOCUMENTATION_COMMENTS = YES;
				CLANG_WARN_EMPTY_BODY = YES;
				CLANG_WARN_ENUM_CONVERSION = YES;
				CLANG_WARN_INFINITE_RECURSION = YES;
				CLANG_WARN_INT_CONVERSION = YES;
				CLANG_WARN_NON_LITERAL_NULL_CONVERSION = YES;
				CLANG_WARN_OBJC_IMPLICIT_RETAIN_SELF = YES;
				CLANG_WARN_OBJC_LITERAL_CONVERSION = YES;
				CLANG_WARN_OBJC_ROOT_CLASS = YES_ERROR;
				CLANG_WARN_QUOTED_INCLUDE_IN_FRAMEWORK_HEADER = YES;
				CLANG_WARN_RANGE_LOOP_ANALYSIS = YES;
				CLANG_WARN_STRICT_PROTOTYPES = YES;
				CLANG_WARN_SUSPICIOUS_MOVE = YES;
				CLANG_WARN_UNGUARDED_AVAILABILITY = YES_AGGRESSIVE;
				CLANG_WARN_UNREACHABLE_CODE = YES;
				CLANG_WARN__DUPLICATE_METHOD_MATCH = YES;
				COPY_PHASE_STRIP = NO;
				DEBUG_INFORMATION_FORMAT = dwarf;
				ENABLE_STRICT_OBJC_MSGSEND = YES;
				ENABLE_TESTABILITY = YES;
				GCC_C_LANGUAGE_STANDARD = gnu11;
				GCC_DYNAMIC_NO_PIC = NO;
				GCC_NO_COMMON_BLOCKS = YES;
				GCC_OPTIMIZATION_LEVEL = 0;
				GCC_PREPROCESSOR_DEFINITIONS = (
					"DEBUG=1",
					"$(inherited)",
				);
				GCC_WARN_64_TO_32_BIT_CONVERSION = YES;
				GCC_WARN_ABOUT_RETURN_TYPE = YES_ERROR;
				GCC_WARN_UNDECLARED_SELECTOR = YES;
				GCC_WARN_UNINITIALIZED_AUTOS = YES_AGGRESSIVE;
				GCC_WARN_UNUSED_FUNCTION = YES;
				GCC_WARN_UNUSED_VARIABLE = YES;
				IPHONEOS_DEPLOYMENT_TARGET = 15.0;
				MTL_ENABLE_DEBUG_INFO = INCLUDE_SOURCE;
				MTL_FAST_MATH = YES;
				ONLY_ACTIVE_ARCH = YES;
				SDKROOT = iphoneos;
				SWIFT_ACTIVE_COMPILATION_CONDITIONS = DEBUG;
				SWIFT_OPTIMIZATION_LEVEL = "-Onone";
			};
			name = Debug;
		};
		5E2F156E2704BBF70066D660 /* Release */ = {
			isa = XCBuildConfiguration;
			buildSettings = {
				ALWAYS_SEARCH_USER_PATHS = NO;
				CLANG_ANALYZER_NONNULL = YES;
				CLANG_ANALYZER_NUMBER_OBJECT_CONVERSION = YES_AGGRESSIVE;
				CLANG_CXX_LANGUAGE_STANDARD = "gnu++17";
				CLANG_CXX_LIBRARY = "libc++";
				CLANG_ENABLE_MODULES = YES;
				CLANG_ENABLE_OBJC_ARC = YES;
				CLANG_ENABLE_OBJC_WEAK = YES;
				CLANG_WARN_BLOCK_CAPTURE_AUTORELEASING = YES;
				CLANG_WARN_BOOL_CONVERSION = YES;
				CLANG_WARN_COMMA = YES;
				CLANG_WARN_CONSTANT_CONVERSION = YES;
				CLANG_WARN_DEPRECATED_OBJC_IMPLEMENTATIONS = YES;
				CLANG_WARN_DIRECT_OBJC_ISA_USAGE = YES_ERROR;
				CLANG_WARN_DOCUMENTATION_COMMENTS = YES;
				CLANG_WARN_EMPTY_BODY = YES;
				CLANG_WARN_ENUM_CONVERSION = YES;
				CLANG_WARN_INFINITE_RECURSION = YES;
				CLANG_WARN_INT_CONVERSION = YES;
				CLANG_WARN_NON_LITERAL_NULL_CONVERSION = YES;
				CLANG_WARN_OBJC_IMPLICIT_RETAIN_SELF = YES;
				CLANG_WARN_OBJC_LITERAL_CONVERSION = YES;
				CLANG_WARN_OBJC_ROOT_CLASS = YES_ERROR;
				CLANG_WARN_QUOTED_INCLUDE_IN_FRAMEWORK_HEADER = YES;
				CLANG_WARN_RANGE_LOOP_ANALYSIS = YES;
				CLANG_WARN_STRICT_PROTOTYPES = YES;
				CLANG_WARN_SUSPICIOUS_MOVE = YES;
				CLANG_WARN_UNGUARDED_AVAILABILITY = YES_AGGRESSIVE;
				CLANG_WARN_UNREACHABLE_CODE = YES;
				CLANG_WARN__DUPLICATE_METHOD_MATCH = YES;
				COPY_PHASE_STRIP = NO;
				DEBUG_INFORMATION_FORMAT = "dwarf-with-dsym";
				ENABLE_NS_ASSERTIONS = NO;
				ENABLE_STRICT_OBJC_MSGSEND = YES;
				GCC_C_LANGUAGE_STANDARD = gnu11;
				GCC_NO_COMMON_BLOCKS = YES;
				GCC_WARN_64_TO_32_BIT_CONVERSION = YES;
				GCC_WARN_ABOUT_RETURN_TYPE = YES_ERROR;
				GCC_WARN_UNDECLARED_SELECTOR = YES;
				GCC_WARN_UNINITIALIZED_AUTOS = YES_AGGRESSIVE;
				GCC_WARN_UNUSED_FUNCTION = YES;
				GCC_WARN_UNUSED_VARIABLE = YES;
				IPHONEOS_DEPLOYMENT_TARGET = 15.0;
				MTL_ENABLE_DEBUG_INFO = NO;
				MTL_FAST_MATH = YES;
				SDKROOT = iphoneos;
				SWIFT_COMPILATION_MODE = wholemodule;
				SWIFT_OPTIMIZATION_LEVEL = "-O";
				VALIDATE_PRODUCT = YES;
			};
			name = Release;
		};
		5E2F15702704BBF70066D660 /* Debug */ = {
			isa = XCBuildConfiguration;
			buildSettings = {
				ASSETCATALOG_COMPILER_APPICON_NAME = AppIcon;
				ASSETCATALOG_COMPILER_GLOBAL_ACCENT_COLOR_NAME = AccentColor;
				CODE_SIGN_STYLE = Automatic;
				CURRENT_PROJECT_VERSION = 1;
				DEVELOPMENT_TEAM = 75KSF446RQ;
				GENERATE_INFOPLIST_FILE = YES;
				INFOPLIST_FILE = RabbleWabble/Resources/Info.plist;
				INFOPLIST_KEY_UIApplicationSupportsIndirectInputEvents = YES;
				INFOPLIST_KEY_UILaunchStoryboardName = LaunchScreen;
				INFOPLIST_KEY_UIMainStoryboardFile = Main;
				INFOPLIST_KEY_UISupportedInterfaceOrientations_iPad = "UIInterfaceOrientationPortrait UIInterfaceOrientationPortraitUpsideDown UIInterfaceOrientationLandscapeLeft UIInterfaceOrientationLandscapeRight";
				INFOPLIST_KEY_UISupportedInterfaceOrientations_iPhone = "UIInterfaceOrientationPortrait UIInterfaceOrientationLandscapeLeft UIInterfaceOrientationLandscapeRight";
				LD_RUNPATH_SEARCH_PATHS = (
					"$(inherited)",
					"@executable_path/Frameworks",
				);
				MARKETING_VERSION = 1.0;
				PRODUCT_BUNDLE_IDENTIFIER = "com.tla-trebla.RabbleWabble";
				PRODUCT_NAME = "$(TARGET_NAME)";
				SWIFT_EMIT_LOC_STRINGS = YES;
				SWIFT_VERSION = 5.0;
				TARGETED_DEVICE_FAMILY = "1,2";
			};
			name = Debug;
		};
		5E2F15712704BBF70066D660 /* Release */ = {
			isa = XCBuildConfiguration;
			buildSettings = {
				ASSETCATALOG_COMPILER_APPICON_NAME = AppIcon;
				ASSETCATALOG_COMPILER_GLOBAL_ACCENT_COLOR_NAME = AccentColor;
				CODE_SIGN_STYLE = Automatic;
				CURRENT_PROJECT_VERSION = 1;
				DEVELOPMENT_TEAM = 75KSF446RQ;
				GENERATE_INFOPLIST_FILE = YES;
				INFOPLIST_FILE = RabbleWabble/Resources/Info.plist;
				INFOPLIST_KEY_UIApplicationSupportsIndirectInputEvents = YES;
				INFOPLIST_KEY_UILaunchStoryboardName = LaunchScreen;
				INFOPLIST_KEY_UIMainStoryboardFile = Main;
				INFOPLIST_KEY_UISupportedInterfaceOrientations_iPad = "UIInterfaceOrientationPortrait UIInterfaceOrientationPortraitUpsideDown UIInterfaceOrientationLandscapeLeft UIInterfaceOrientationLandscapeRight";
				INFOPLIST_KEY_UISupportedInterfaceOrientations_iPhone = "UIInterfaceOrientationPortrait UIInterfaceOrientationLandscapeLeft UIInterfaceOrientationLandscapeRight";
				LD_RUNPATH_SEARCH_PATHS = (
					"$(inherited)",
					"@executable_path/Frameworks",
				);
				MARKETING_VERSION = 1.0;
				PRODUCT_BUNDLE_IDENTIFIER = "com.tla-trebla.RabbleWabble";
				PRODUCT_NAME = "$(TARGET_NAME)";
				SWIFT_EMIT_LOC_STRINGS = YES;
				SWIFT_VERSION = 5.0;
				TARGETED_DEVICE_FAMILY = "1,2";
			};
			name = Release;
		};
/* End XCBuildConfiguration section */

/* Begin XCConfigurationList section */
		5E2F15562704BBF60066D660 /* Build configuration list for PBXProject "RabbleWabble" */ = {
			isa = XCConfigurationList;
			buildConfigurations = (
				5E2F156D2704BBF70066D660 /* Debug */,
				5E2F156E2704BBF70066D660 /* Release */,
			);
			defaultConfigurationIsVisible = 0;
			defaultConfigurationName = Release;
		};
		5E2F156F2704BBF70066D660 /* Build configuration list for PBXNativeTarget "RabbleWabble" */ = {
			isa = XCConfigurationList;
			buildConfigurations = (
				5E2F15702704BBF70066D660 /* Debug */,
				5E2F15712704BBF70066D660 /* Release */,
			);
			defaultConfigurationIsVisible = 0;
			defaultConfigurationName = Release;
		};
/* End XCConfigurationList section */
	};
	rootObject = 5E2F15532704BBF60066D660 /* Project object */;
}
